
Microsoft Visual Studio Solution File, Format Version 12.00
# Visual Studio Version 17
VisualStudioVersion = 17.14.36717.8 d17.14
MinimumVisualStudioVersion = 10.0.40219.1
Project("{FAE04EC0-301F-11D3-BF4B-00C04F79EFBC}") = "EmployeeDbExplorer", "EmployeeDbExplorer\EmployeeDbExplorer.csproj", "{46BBB963-20BF-4A69-B425-065F9335D6C8}"
EndProject
Global
	GlobalSection(SolutionConfigurationPlatforms) = preSolution
		Debug|Any CPU = Debug|Any CPU
		Debug|x64 = Debug|x64
		Release|Any CPU = Release|Any CPU
		Release|x64 = Release|x64
	EndGlobalSection
	GlobalSection(ProjectConfigurationPlatforms) = postSolution
		{46BBB963-20BF-4A69-B425-065F9335D6C8}.Debug|Any CPU.ActiveCfg = Debug|Any CPU
		{46BBB963-20BF-4A69-B425-065F9335D6C8}.Debug|Any CPU.Build.0 = Debug|Any CPU
		{46BBB963-20BF-4A69-B425-065F9335D6C8}.Debug|x64.ActiveCfg = Debug|x64
		{46BBB963-20BF-4A69-B425-065F9335D6C8}.Debug|x64.Build.0 = Debug|x64
		{46BBB963-20BF-4A69-B425-065F9335D6C8}.Release|Any CPU.ActiveCfg = Release|Any CPU
		{46BBB963-20BF-4A69-B425-065F9335D6C8}.Release|Any CPU.Build.0 = Release|Any CPU
		{46BBB963-20BF-4A69-B425-065F9335D6C8}.Release|x64.ActiveCfg = Release|x64
		{46BBB963-20BF-4A69-B425-065F9335D6C8}.Release|x64.Build.0 = Release|x64
	EndGlobalSection
	GlobalSection(SolutionProperties) = preSolution
		HideSolutionNode = FALSE
	EndGlobalSection
	GlobalSection(ExtensibilityGlobals) = postSolution
		SolutionGuid = {E914FA1A-3833-4DE6-8D20-606A52B7F2F8}
	EndGlobalSection
EndGlobal
